
Microsoft Visual Studio Solution File, Format Version 12.00
# Visual Studio Version 17
VisualStudioVersion = 17.10.34707.107
MinimumVisualStudioVersion = 10.0.40219.1
Project("{FAE04EC0-301F-11D3-BF4B-00C04F79EFBC}") = "Travela.WebApi", "Travela.WebApi\Travela.WebApi.csproj", "{26AC26B5-2269-4E9E-8FEE-6EA6E71EF519}"
EndProject
Project("{FAE04EC0-301F-11D3-BF4B-00C04F79EFBC}") = "Travela.EntityLayer", "Travela.EntityLayer\Travela.EntityLayer.csproj", "{C8104BC6-34F9-451F-A31C-327098381A1F}"
EndProject
Project("{FAE04EC0-301F-11D3-BF4B-00C04F79EFBC}") = "Travela.DataAccessLayer", "Travela.DataAccessLayer\Travela.DataAccessLayer.csproj", "{BC1C2DC6-93D4-4CE4-8361-A5A5FCF71500}"
EndProject
Project("{FAE04EC0-301F-11D3-BF4B-00C04F79EFBC}") = "Travela.BusinessLayer", "Travela.BusinessLayer\Travela.BusinessLayer.csproj", "{EC195DE9-8F76-4382-9152-9D01EC28E48C}"
EndProject
Project("{FAE04EC0-301F-11D3-BF4B-00C04F79EFBC}") = "Travela.WebUI", "Travela.WebUI\Travela.WebUI.csproj", "{44330B86-A997-4425-B56E-AF03F0EE7DBF}"
EndProject
Global
	GlobalSection(SolutionConfigurationPlatforms) = preSolution
		Debug|Any CPU = Debug|Any CPU
		Release|Any CPU = Release|Any CPU
	EndGlobalSection
	GlobalSection(ProjectConfigurationPlatforms) = postSolution
		{26AC26B5-2269-4E9E-8FEE-6EA6E71EF519}.Debug|Any CPU.ActiveCfg = Debug|Any CPU
		{26AC26B5-2269-4E9E-8FEE-6EA6E71EF519}.Debug|Any CPU.Build.0 = Debug|Any CPU
		{26AC26B5-2269-4E9E-8FEE-6EA6E71EF519}.Release|Any CPU.ActiveCfg = Release|Any CPU
		{26AC26B5-2269-4E9E-8FEE-6EA6E71EF519}.Release|Any CPU.Build.0 = Release|Any CPU
		{C8104BC6-34F9-451F-A31C-327098381A1F}.Debug|Any CPU.ActiveCfg = Debug|Any CPU
		{C8104BC6-34F9-451F-A31C-327098381A1F}.Debug|Any CPU.Build.0 = Debug|Any CPU
		{C8104BC6-34F9-451F-A31C-327098381A1F}.Release|Any CPU.ActiveCfg = Release|Any CPU
		{C8104BC6-34F9-451F-A31C-327098381A1F}.Release|Any CPU.Build.0 = Release|Any CPU
		{BC1C2DC6-93D4-4CE4-8361-A5A5FCF71500}.Debug|Any CPU.ActiveCfg = Debug|Any CPU
		{BC1C2DC6-93D4-4CE4-8361-A5A5FCF71500}.Debug|Any CPU.Build.0 = Debug|Any CPU
		{BC1C2DC6-93D4-4CE4-8361-A5A5FCF71500}.Release|Any CPU.ActiveCfg = Release|Any CPU
		{BC1C2DC6-93D4-4CE4-8361-A5A5FCF71500}.Release|Any CPU.Build.0 = Release|Any CPU
		{EC195DE9-8F76-4382-9152-9D01EC28E48C}.Debug|Any CPU.ActiveCfg = Debug|Any CPU
		{EC195DE9-8F76-4382-9152-9D01EC28E48C}.Debug|Any CPU.Build.0 = Debug|Any CPU
		{EC195DE9-8F76-4382-9152-9D01EC28E48C}.Release|Any CPU.ActiveCfg = Release|Any CPU
		{EC195DE9-8F76-4382-9152-9D01EC28E48C}.Release|Any CPU.Build.0 = Release|Any CPU
		{44330B86-A997-4425-B56E-AF03F0EE7DBF}.Debug|Any CPU.ActiveCfg = Debug|Any CPU
		{44330B86-A997-4425-B56E-AF03F0EE7DBF}.Debug|Any CPU.Build.0 = Debug|Any CPU
		{44330B86-A997-4425-B56E-AF03F0EE7DBF}.Release|Any CPU.ActiveCfg = Release|Any CPU
		{44330B86-A997-4425-B56E-AF03F0EE7DBF}.Release|Any CPU.Build.0 = Release|Any CPU
	EndGlobalSection
	GlobalSection(SolutionProperties) = preSolution
		HideSolutionNode = FALSE
	EndGlobalSection
	GlobalSection(ExtensibilityGlobals) = postSolution
		SolutionGuid = {C3FF9CDF-57E5-45E7-8200-AAB59C929B8F}
	EndGlobalSection
EndGlobal
